github.com/joho/godotenv v1.4.0 h1:3l4+N6zfMWnkbPEXKng2o2/MR5mSwTrBih4ZEkkz1lg=
github.com/joho/godotenv v1.4.0/go.mod h1:f4LDr5Voq0i2e/R5DDNOoa2zzDfwtkZa6DnEwAbqwq4=
github.com/prinick96/elog v0.0.0-20220520175626-b729d74ceb5b h1:p7NfL5KKylQLs9qGMiinpHsqmpBau2FQRKHLz4nb4ig=
github.com/prinick96/elog v0.0.0-20220520175626-b729d74ceb5b/go.mod h1:FKNHlQy4ZPPk2q4+ke2KP0STmTIyLq49bL9FK0nvtP4=
